
Microsoft Visual Studio Solution File, Format Version 12.00
Project("{FAE04EC0-301F-11D3-BF4B-00C04F79EFBC}") = "Adapter_Task_1", "Adapter_Task_1\Adapter_Task_1.csproj", "{88B8B553-50A3-4FDD-A7CD-2C96BBE0A78D}"
EndProject
Project("{FAE04EC0-301F-11D3-BF4B-00C04F79EFBC}") = "Dekorator_Task_2", "Dekorator_Task_2\Dekorator_Task_2.csproj", "{290EE1B5-201D-467F-BCF3-5EB0E606471B}"
EndProject
Project("{FAE04EC0-301F-11D3-BF4B-00C04F79EFBC}") = "Fasad_Task_3", "Fasad_Task_3\Fasad_Task_3.csproj", "{CE4122CB-B059-4928-88C5-80457EE89D66}"
EndProject
Project("{FAE04EC0-301F-11D3-BF4B-00C04F79EFBC}") = "Mist_Task_4", "Mist_Task_4\Mist_Task_4.csproj", "{B6D02E8B-A104-481B-8724-D89BD7B2E0C0}"
EndProject
Global
	GlobalSection(SolutionConfigurationPlatforms) = preSolution
		Debug|Any CPU = Debug|Any CPU
		Release|Any CPU = Release|Any CPU
	EndGlobalSection
	GlobalSection(ProjectConfigurationPlatforms) = postSolution
		{88B8B553-50A3-4FDD-A7CD-2C96BBE0A78D}.Debug|Any CPU.ActiveCfg = Debug|Any CPU
		{88B8B553-50A3-4FDD-A7CD-2C96BBE0A78D}.Debug|Any CPU.Build.0 = Debug|Any CPU
		{88B8B553-50A3-4FDD-A7CD-2C96BBE0A78D}.Release|Any CPU.ActiveCfg = Release|Any CPU
		{88B8B553-50A3-4FDD-A7CD-2C96BBE0A78D}.Release|Any CPU.Build.0 = Release|Any CPU
		{290EE1B5-201D-467F-BCF3-5EB0E606471B}.Debug|Any CPU.ActiveCfg = Debug|Any CPU
		{290EE1B5-201D-467F-BCF3-5EB0E606471B}.Debug|Any CPU.Build.0 = Debug|Any CPU
		{290EE1B5-201D-467F-BCF3-5EB0E606471B}.Release|Any CPU.ActiveCfg = Release|Any CPU
		{290EE1B5-201D-467F-BCF3-5EB0E606471B}.Release|Any CPU.Build.0 = Release|Any CPU
		{CE4122CB-B059-4928-88C5-80457EE89D66}.Debug|Any CPU.ActiveCfg = Debug|Any CPU
		{CE4122CB-B059-4928-88C5-80457EE89D66}.Debug|Any CPU.Build.0 = Debug|Any CPU
		{CE4122CB-B059-4928-88C5-80457EE89D66}.Release|Any CPU.ActiveCfg = Release|Any CPU
		{CE4122CB-B059-4928-88C5-80457EE89D66}.Release|Any CPU.Build.0 = Release|Any CPU
		{B6D02E8B-A104-481B-8724-D89BD7B2E0C0}.Debug|Any CPU.ActiveCfg = Debug|Any CPU
		{B6D02E8B-A104-481B-8724-D89BD7B2E0C0}.Debug|Any CPU.Build.0 = Debug|Any CPU
		{B6D02E8B-A104-481B-8724-D89BD7B2E0C0}.Release|Any CPU.ActiveCfg = Release|Any CPU
		{B6D02E8B-A104-481B-8724-D89BD7B2E0C0}.Release|Any CPU.Build.0 = Release|Any CPU
	EndGlobalSection
EndGlobal
